
Microsoft Visual Studio Solution File, Format Version 12.00
Project("{FAE04EC0-301F-11D3-BF4B-00C04F79EFBC}") = "BATS", "BATS\BATS.csproj", "{784C1985-49AE-473E-A6F9-2E79F2B55E64}"
EndProject
Project("{2150E333-8FDC-42A3-9474-1A3956D46DE8}") = "Debug", "Debug", "{1F128365-467B-427D-8098-594AE5FD769C}"
EndProject
Project("{FAE04EC0-301F-11D3-BF4B-00C04F79EFBC}") = "BATSConsole", "BATSConsole\BATSConsole.csproj", "{9A76E5B3-F95E-4279-B053-63922CFFA322}"
EndProject
Project("{FAE04EC0-301F-11D3-BF4B-00C04F79EFBC}") = "BATSTestWPF", "BATSTestWPF\BATSTestWPF.csproj", "{781F6727-1440-4B4E-94CE-AAEE15A3628A}"
EndProject
Global
	GlobalSection(SolutionConfigurationPlatforms) = preSolution
		Debug|Any CPU = Debug|Any CPU
		Release|Any CPU = Release|Any CPU
	EndGlobalSection
	GlobalSection(ProjectConfigurationPlatforms) = postSolution
		{784C1985-49AE-473E-A6F9-2E79F2B55E64}.Debug|Any CPU.ActiveCfg = Debug|Any CPU
		{784C1985-49AE-473E-A6F9-2E79F2B55E64}.Debug|Any CPU.Build.0 = Debug|Any CPU
		{784C1985-49AE-473E-A6F9-2E79F2B55E64}.Release|Any CPU.ActiveCfg = Release|Any CPU
		{784C1985-49AE-473E-A6F9-2E79F2B55E64}.Release|Any CPU.Build.0 = Release|Any CPU
		{9A76E5B3-F95E-4279-B053-63922CFFA322}.Debug|Any CPU.ActiveCfg = Debug|Any CPU
		{9A76E5B3-F95E-4279-B053-63922CFFA322}.Debug|Any CPU.Build.0 = Debug|Any CPU
		{9A76E5B3-F95E-4279-B053-63922CFFA322}.Release|Any CPU.ActiveCfg = Release|Any CPU
		{9A76E5B3-F95E-4279-B053-63922CFFA322}.Release|Any CPU.Build.0 = Release|Any CPU
		{781F6727-1440-4B4E-94CE-AAEE15A3628A}.Debug|Any CPU.ActiveCfg = Debug|Any CPU
		{781F6727-1440-4B4E-94CE-AAEE15A3628A}.Debug|Any CPU.Build.0 = Debug|Any CPU
		{781F6727-1440-4B4E-94CE-AAEE15A3628A}.Release|Any CPU.ActiveCfg = Release|Any CPU
		{781F6727-1440-4B4E-94CE-AAEE15A3628A}.Release|Any CPU.Build.0 = Release|Any CPU
	EndGlobalSection
	GlobalSection(NestedProjects) = preSolution
		{9A76E5B3-F95E-4279-B053-63922CFFA322} = {1F128365-467B-427D-8098-594AE5FD769C}
		{781F6727-1440-4B4E-94CE-AAEE15A3628A} = {1F128365-467B-427D-8098-594AE5FD769C}
	EndGlobalSection
EndGlobal
